// !$*UTF8*$!
{
	archiveVersion = 1;
	classes = {
	};
	objectVersion = 50;
	objects = {

/* Begin PBXBuildFile section */
		514B5541235FEEE300A70BDC /* AppDelegate.swift in Sources */ = {isa = PBXBuildFile; fileRef = 514B5540235FEEE300A70BDC /* AppDelegate.swift */; };
		514B5543235FEEE300A70BDC /* ViewController.swift in Sources */ = {isa = PBXBuildFile; fileRef = 514B5542235FEEE300A70BDC /* ViewController.swift */; };
		514B5546235FEEE300A70BDC /* Main.storyboard in Resources */ = {isa = PBXBuildFile; fileRef = 514B5544235FEEE300A70BDC /* Main.storyboard */; };
		514B5548235FEEE500A70BDC /* Assets.xcassets in Resources */ = {isa = PBXBuildFile; fileRef = 514B5547235FEEE500A70BDC /* Assets.xcassets */; };
		514B554B235FEEE500A70BDC /* LaunchScreen.storyboard in Resources */ = {isa = PBXBuildFile; fileRef = 514B5549235FEEE500A70BDC /* LaunchScreen.storyboard */; };
		514B5556235FEEE500A70BDC /* _0155138_________Tests.swift in Sources */ = {isa = PBXBuildFile; fileRef = 514B5555235FEEE500A70BDC /* _0155138_________Tests.swift */; };
		514B5561235FEEE500A70BDC /* _0155138_________UITests.swift in Sources */ = {isa = PBXBuildFile; fileRef = 514B5560235FEEE500A70BDC /* _0155138_________UITests.swift */; };
		514B556F235FFD9900A70BDC /* Empty.html in Resources */ = {isa = PBXBuildFile; fileRef = 514B556E235FFD9900A70BDC /* Empty.html */; };
/* End PBXBuildFile section */

/* Begin PBXContainerItemProxy section */
		514B5552235FEEE500A70BDC /* PBXContainerItemProxy */ = {
			isa = PBXContainerItemProxy;
			containerPortal = 514B5535235FEEE300A70BDC /* Project object */;
			proxyType = 1;
			remoteGlobalIDString = 514B553C235FEEE300A70BDC;
			remoteInfo = "20155138_안춘모";
		};
		514B555D235FEEE500A70BDC /* PBXContainerItemProxy */ = {
			isa = PBXContainerItemProxy;
			containerPortal = 514B5535235FEEE300A70BDC /* Project object */;
			proxyType = 1;
			remoteGlobalIDString = 514B553C235FEEE300A70BDC;
			remoteInfo = "20155138_안춘모";
		};
/* End PBXContainerItemProxy section */

/* Begin PBXFileReference section */
		514B553D235FEEE300A70BDC /* 20155138_안춘모.app */ = {isa = PBXFileReference; explicitFileType = wrapper.application; includeInIndex = 0; path = "20155138_안춘모.app"; sourceTree = BUILT_PRODUCTS_DIR; };
		514B5540235FEEE300A70BDC /* AppDelegate.swift */ = {isa = PBXFileReference; lastKnownFileType = sourcecode.swift; path = AppDelegate.swift; sourceTree = "<group>"; };
		514B5542235FEEE300A70BDC /* ViewController.swift */ = {isa = PBXFileReference; lastKnownFileType = sourcecode.swift; path = ViewController.swift; sourceTree = "<group>"; };
		514B5545235FEEE300A70BDC /* Base */ = {isa = PBXFileReference; lastKnownFileType = file.storyboard; name = Base; path = Base.lproj/Main.storyboard; sourceTree = "<group>"; };
		514B5547235FEEE500A70BDC /* Assets.xcassets */ = {isa = PBXFileReference; lastKnownFileType = folder.assetcatalog; path = Assets.xcassets; sourceTree = "<group>"; };
		514B554A235FEEE500A70BDC /* Base */ = {isa = PBXFileReference; lastKnownFileType = file.storyboard; name = Base; path = Base.lproj/LaunchScreen.storyboard; sourceTree = "<group>"; };
		514B554C235FEEE500A70BDC /* Info.plist */ = {isa = PBXFileReference; lastKnownFileType = text.plist.xml; path = Info.plist; sourceTree = "<group>"; };
		514B5551235FEEE500A70BDC /* 20155138_안춘모Tests.xctest */ = {isa = PBXFileReference; explicitFileType = wrapper.cfbundle; includeInIndex = 0; path = "20155138_안춘모Tests.xctest"; sourceTree = BUILT_PRODUCTS_DIR; };
		514B5555235FEEE500A70BDC /* _0155138_________Tests.swift */ = {isa = PBXFileReference; lastKnownFileType = sourcecode.swift; path = "_0155138_________Tests.swift"; sourceTree = "<group>"; };
		514B5557235FEEE500A70BDC /* Info.plist */ = {isa = PBXFileReference; lastKnownFileType = text.plist.xml; path = Info.plist; sourceTree = "<group>"; };
		514B555C235FEEE500A70BDC /* 20155138_안춘모UITests.xctest */ = {isa = PBXFileReference; explicitFileType = wrapper.cfbundle; includeInIndex = 0; path = "20155138_안춘모UITests.xctest"; sourceTree = BUILT_PRODUCTS_DIR; };
		514B5560235FEEE500A70BDC /* _0155138_________UITests.swift */ = {isa = PBXFileReference; lastKnownFileType = sourcecode.swift; path = "_0155138_________UITests.swift"; sourceTree = "<group>"; };
		514B5562235FEEE500A70BDC /* Info.plist */ = {isa = PBXFileReference; lastKnownFileType = text.plist.xml; path = Info.plist; sourceTree = "<group>"; };
		514B556E235FFD9900A70BDC /* Empty.html */ = {isa = PBXFileReference; lastKnownFileType = text.html; path = Empty.html; sourceTree = "<group>"; };
/* End PBXFileReference section */

/* Begin PBXFrameworksBuildPhase section */
		514B553A235FEEE300A70BDC /* Frameworks */ = {
			isa = PBXFrameworksBuildPhase;
			buildActionMask = 2147483647;
			files = (
			);
			runOnlyForDeploymentPostprocessing = 0;
		};
		514B554E235FEEE500A70BDC /* Frameworks */ = {
			isa = PBXFrameworksBuildPhase;
			buildActionMask = 2147483647;
			files = (
			);
			runOnlyForDeploymentPostprocessing = 0;
		};
		514B5559235FEEE500A70BDC /* Frameworks */ = {
			isa = PBXFrameworksBuildPhase;
			buildActionMask = 2147483647;
			files = (
			);
			runOnlyForDeploymentPostprocessing = 0;
		};
/* End PBXFrameworksBuildPhase section */

/* Begin PBXGroup section */
		514B5534235FEEE300A70BDC = {
			isa = PBXGroup;
			children = (
				514B556E235FFD9900A70BDC /* Empty.html */,
				514B553F235FEEE300A70BDC /* 20155138_안춘모 */,
				514B5554235FEEE500A70BDC /* 20155138_안춘모Tests */,
				514B555F235FEEE500A70BDC /* 20155138_안춘모UITests */,
				514B553E235FEEE300A70BDC /* Products */,
			);
			sourceTree = "<group>";
		};
		514B553E235FEEE300A70BDC /* Products */ = {
			isa = PBXGroup;
			children = (
				514B553D235FEEE300A70BDC /* 20155138_안춘모.app */,
				514B5551235FEEE500A70BDC /* 20155138_안춘모Tests.xctest */,
				514B555C235FEEE500A70BDC /* 20155138_안춘모UITests.xctest */,
			);
			name = Products;
			sourceTree = "<group>";
		};
		514B553F235FEEE300A70BDC /* 20155138_안춘모 */ = {
			isa = PBXGroup;
			children = (
				514B5540235FEEE300A70BDC /* AppDelegate.swift */,
				514B5542235FEEE300A70BDC /* ViewController.swift */,
				514B5544235FEEE300A70BDC /* Main.storyboard */,
				514B5547235FEEE500A70BDC /* Assets.xcassets */,
				514B5549235FEEE500A70BDC /* LaunchScreen.storyboard */,
				514B554C235FEEE500A70BDC /* Info.plist */,
			);
			path = "20155138_안춘모";
			sourceTree = "<group>";
		};
		514B5554235FEEE500A70BDC /* 20155138_안춘모Tests */ = {
			isa = PBXGroup;
			children = (
				514B5555235FEEE500A70BDC /* _0155138_________Tests.swift */,
				514B5557235FEEE500A70BDC /* Info.plist */,
			);
			path = "20155138_안춘모Tests";
			sourceTree = "<group>";
		};
		514B555F235FEEE500A70BDC /* 20155138_안춘모UITests */ = {
			isa = PBXGroup;
			children = (
				514B5560235FEEE500A70BDC /* _0155138_________UITests.swift */,
				514B5562235FEEE500A70BDC /* Info.plist */,
			);
			path = "20155138_안춘모UITests";
			sourceTree = "<group>";
		};
/* End PBXGroup section */

/* Begin PBXNativeTarget section */
		514B553C235FEEE300A70BDC /* 20155138_안춘모 */ = {
			isa = PBXNativeTarget;
			buildConfigurationList = 514B5565235FEEE500A70BDC /* Build configuration list for PBXNativeTarget "20155138_안춘모" */;
			buildPhases = (
				514B5539235FEEE300A70BDC /* Sources */,
				514B553A235FEEE300A70BDC /* Frameworks */,
				514B553B235FEEE300A70BDC /* Resources */,
			);
			buildRules = (
			);
			dependencies = (
			);
			name = "20155138_안춘모";
			productName = "20155138_안춘모";
			productReference = 514B553D235FEEE300A70BDC /* 20155138_안춘모.app */;
			productType = "com.apple.product-type.application";
		};
		514B5550235FEEE500A70BDC /* 20155138_안춘모Tests */ = {
			isa = PBXNativeTarget;
			buildConfigurationList = 514B5568235FEEE500A70BDC /* Build configuration list for PBXNativeTarget "20155138_안춘모Tests" */;
			buildPhases = (
				514B554D235FEEE500A70BDC /* Sources */,
				514B554E235FEEE500A70BDC /* Frameworks */,
				514B554F235FEEE500A70BDC /* Resources */,
			);
			buildRules = (
			);
			dependencies = (
				514B5553235FEEE500A70BDC /* PBXTargetDependency */,
			);
			name = "20155138_안춘모Tests";
			productName = "20155138_안춘모Tests";
			productReference = 514B5551235FEEE500A70BDC /* 20155138_안춘모Tests.xctest */;
			productType = "com.apple.product-type.bundle.unit-test";
		};
		514B555B235FEEE500A70BDC /* 20155138_안춘모UITests */ = {
			isa = PBXNativeTarget;
			buildConfigurationList = 514B556B235FEEE500A70BDC /* Build configuration list for PBXNativeTarget "20155138_안춘모UITests" */;
			buildPhases = (
				514B5558235FEEE500A70BDC /* Sources */,
				514B5559235FEEE500A70BDC /* Frameworks */,
				514B555A235FEEE500A70BDC /* Resources */,
			);
			buildRules = (
			);
			dependencies = (
				514B555E235FEEE500A70BDC /* PBXTargetDependency */,
			);
			name = "20155138_안춘모UITests";
			productName = "20155138_안춘모UITests";
			productReference = 514B555C235FEEE500A70BDC /* 20155138_안춘모UITests.xctest */;
			productType = "com.apple.product-type.bundle.ui-testing";
		};
/* End PBXNativeTarget section */

/* Begin PBXProject section */
		514B5535235FEEE300A70BDC /* Project object */ = {
			isa = PBXProject;
			attributes = {
				LastSwiftUpdateCheck = 0940;
				LastUpgradeCheck = 0940;
				ORGANIZATIONNAME = hallym;
				TargetAttributes = {
					514B553C235FEEE300A70BDC = {
						CreatedOnToolsVersion = 9.4.1;
					};
					514B5550235FEEE500A70BDC = {
						CreatedOnToolsVersion = 9.4.1;
						TestTargetID = 514B553C235FEEE300A70BDC;
					};
					514B555B235FEEE500A70BDC = {
						CreatedOnToolsVersion = 9.4.1;
						TestTargetID = 514B553C235FEEE300A70BDC;
					};
				};
			};
			buildConfigurationList = 514B5538235FEEE300A70BDC /* Build configuration list for PBXProject "20155138_안춘모" */;
			compatibilityVersion = "Xcode 9.3";
			developmentRegion = en;
			hasScannedForEncodings = 0;
			knownRegions = (
				en,
				Base,
			);
			mainGroup = 514B5534235FEEE300A70BDC;
			productRefGroup = 514B553E235FEEE300A70BDC /* Products */;
			projectDirPath = "";
			projectRoot = "";
			targets = (
				514B553C235FEEE300A70BDC /* 20155138_안춘모 */,
				514B5550235FEEE500A70BDC /* 20155138_안춘모Tests */,
				514B555B235FEEE500A70BDC /* 20155138_안춘모UITests */,
			);
		};
/* End PBXProject section */

/* Begin PBXResourcesBuildPhase section */
		514B553B235FEEE300A70BDC /* Resources */ = {
			isa = PBXResourcesBuildPhase;
			buildActionMask = 2147483647;
			files = (
				514B556F235FFD9900A70BDC /* Empty.html in Resources */,
				514B554B235FEEE500A70BDC /* LaunchScreen.storyboard in Resources */,
				514B5548235FEEE500A70BDC /* Assets.xcassets in Resources */,
				514B5546235FEEE300A70BDC /* Main.storyboard in Resources */,
			);
			runOnlyForDeploymentPostprocessing = 0;
		};
		514B554F235FEEE500A70BDC /* Resources */ = {
			isa = PBXResourcesBuildPhase;
			buildActionMask = 2147483647;
			files = (
			);
			runOnlyForDeploymentPostprocessing = 0;
		};
		514B555A235FEEE500A70BDC /* Resources */ = {
			isa = PBXResourcesBuildPhase;
			buildActionMask = 2147483647;
			files = (
			);
			runOnlyForDeploymentPostprocessing = 0;
		};
/* End PBXResourcesBuildPhase section */

/* Begin PBXSourcesBuildPhase section */
		514B5539235FEEE300A70BDC /* Sources */ = {
			isa = PBXSourcesBuildPhase;
			buildActionMask = 2147483647;
			files = (
				514B5543235FEEE300A70BDC /* ViewController.swift in Sources */,
				514B5541235FEEE300A70BDC /* AppDelegate.swift in Sources */,
			);
			runOnlyForDeploymentPostprocessing = 0;
		};
		514B554D235FEEE500A70BDC /* Sources */ = {
			isa = PBXSourcesBuildPhase;
			buildActionMask = 2147483647;
			files = (
				514B5556235FEEE500A70BDC /* _0155138_________Tests.swift in Sources */,
			);
			runOnlyForDeploymentPostprocessing = 0;
		};
		514B5558235FEEE500A70BDC /* Sources */ = {
			isa = PBXSourcesBuildPhase;
			buildActionMask = 2147483647;
			files = (
				514B5561235FEEE500A70BDC /* _0155138_________UITests.swift in Sources */,
			);
			runOnlyForDeploymentPostprocessing = 0;
		};
/* End PBXSourcesBuildPhase section */

/* Begin PBXTargetDependency section */
		514B5553235FEEE500A70BDC /* PBXTargetDependency */ = {
			isa = PBXTargetDependency;
			target = 514B553C235FEEE300A70BDC /* 20155138_안춘모 */;
			targetProxy = 514B5552235FEEE500A70BDC /* PBXContainerItemProxy */;
		};
		514B555E235FEEE500A70BDC /* PBXTargetDependency */ = {
			isa = PBXTargetDependency;
			target = 514B553C235FEEE300A70BDC /* 20155138_안춘모 */;
			targetProxy = 514B555D235FEEE500A70BDC /* PBXContainerItemProxy */;
		};
/* End PBXTargetDependency section */

/* Begin PBXVariantGroup section */
		514B5544235FEEE300A70BDC /* Main.storyboard */ = {
			isa = PBXVariantGroup;
			children = (
				514B5545235FEEE300A70BDC /* Base */,
			);
			name = Main.storyboard;
			sourceTree = "<group>";
		};
		514B5549235FEEE500A70BDC /* LaunchScreen.storyboard */ = {
			isa = PBXVariantGroup;
			children = (
				514B554A235FEEE500A70BDC /* Base */,
			);
			name = LaunchScreen.storyboard;
			sourceTree = "<group>";
		};
/* End PBXVariantGroup section */

/* Begin XCBuildConfiguration section */
		514B5563235FEEE500A70BDC /* Debug */ = {
			isa = XCBuildConfiguration;
			buildSettings = {
				ALWAYS_SEARCH_USER_PATHS = NO;
				CLANG_ANALYZER_NONNULL = YES;
				CLANG_ANALYZER_NUMBER_OBJECT_CONVERSION = YES_AGGRESSIVE;
				CLANG_CXX_LANGUAGE_STANDARD = "gnu++14";
				CLANG_CXX_LIBRARY = "libc++";
				CLANG_ENABLE_MODULES = YES;
				CLANG_ENABLE_OBJC_ARC = YES;
				CLANG_ENABLE_OBJC_WEAK = YES;
				CLANG_WARN_BLOCK_CAPTURE_AUTORELEASING = YES;
				CLANG_WARN_BOOL_CONVERSION = YES;
				CLANG_WARN_COMMA = YES;
				CLANG_WARN_CONSTANT_CONVERSION = YES;
				CLANG_WARN_DEPRECATED_OBJC_IMPLEMENTATIONS = YES;
				CLANG_WARN_DIRECT_OBJC_ISA_USAGE = YES_ERROR;
				CLANG_WARN_DOCUMENTATION_COMMENTS = YES;
				CLANG_WARN_EMPTY_BODY = YES;
				CLANG_WARN_ENUM_CONVERSION = YES;
				CLANG_WARN_INFINITE_RECURSION = YES;
				CLANG_WARN_INT_CONVERSION = YES;
				CLANG_WARN_NON_LITERAL_NULL_CONVERSION = YES;
				CLANG_WARN_OBJC_IMPLICIT_RETAIN_SELF = YES;
				CLANG_WARN_OBJC_LITERAL_CONVERSION = YES;
				CLANG_WARN_OBJC_ROOT_CLASS = YES_ERROR;
				CLANG_WARN_RANGE_LOOP_ANALYSIS = YES;
				CLANG_WARN_STRICT_PROTOTYPES = YES;
				CLANG_WARN_SUSPICIOUS_MOVE = YES;
				CLANG_WARN_UNGUARDED_AVAILABILITY = YES_AGGRESSIVE;
				CLANG_WARN_UNREACHABLE_CODE = YES;
				CLANG_WARN__DUPLICATE_METHOD_MATCH = YES;
				CODE_SIGN_IDENTITY = "iPhone Developer";
				COPY_PHASE_STRIP = NO;
				DEBUG_INFORMATION_FORMAT = dwarf;
				ENABLE_STRICT_OBJC_MSGSEND = YES;
				ENABLE_TESTABILITY = YES;
				GCC_C_LANGUAGE_STANDARD = gnu11;
				GCC_DYNAMIC_NO_PIC = NO;
				GCC_NO_COMMON_BLOCKS = YES;
				GCC_OPTIMIZATION_LEVEL = 0;
				GCC_PREPROCESSOR_DEFINITIONS = (
					"DEBUG=1",
					"$(inherited)",
				);
				GCC_WARN_64_TO_32_BIT_CONVERSION = YES;
				GCC_WARN_ABOUT_RETURN_TYPE = YES_ERROR;
				GCC_WARN_UNDECLARED_SELECTOR = YES;
				GCC_WARN_UNINITIALIZED_AUTOS = YES_AGGRESSIVE;
				GCC_WARN_UNUSED_FUNCTION = YES;
				GCC_WARN_UNUSED_VARIABLE = YES;
				IPHONEOS_DEPLOYMENT_TARGET = 11.4;
				MTL_ENABLE_DEBUG_INFO = YES;
				ONLY_ACTIVE_ARCH = YES;
				SDKROOT = iphoneos;
				SWIFT_ACTIVE_COMPILATION_CONDITIONS = DEBUG;
				SWIFT_OPTIMIZATION_LEVEL = "-Onone";
			};
			name = Debug;
		};
		514B5564235FEEE500A70BDC /* Release */ = {
			isa = XCBuildConfiguration;
			buildSettings = {
				ALWAYS_SEARCH_USER_PATHS = NO;
				CLANG_ANALYZER_NONNULL = YES;
				CLANG_ANALYZER_NUMBER_OBJECT_CONVERSION = YES_AGGRESSIVE;
				CLANG_CXX_LANGUAGE_STANDARD = "gnu++14";
				CLANG_CXX_LIBRARY = "libc++";
				CLANG_ENABLE_MODULES = YES;
				CLANG_ENABLE_OBJC_ARC = YES;
				CLANG_ENABLE_OBJC_WEAK = YES;
				CLANG_WARN_BLOCK_CAPTURE_AUTORELEASING = YES;
				CLANG_WARN_BOOL_CONVERSION = YES;
				CLANG_WARN_COMMA = YES;
				CLANG_WARN_CONSTANT_CONVERSION = YES;
				CLANG_WARN_DEPRECATED_OBJC_IMPLEMENTATIONS = YES;
				CLANG_WARN_DIRECT_OBJC_ISA_USAGE = YES_ERROR;
				CLANG_WARN_DOCUMENTATION_COMMENTS = YES;
				CLANG_WARN_EMPTY_BODY = YES;
				CLANG_WARN_ENUM_CONVERSION = YES;
				CLANG_WARN_INFINITE_RECURSION = YES;
				CLANG_WARN_INT_CONVERSION = YES;
				CLANG_WARN_NON_LITERAL_NULL_CONVERSION = YES;
				CLANG_WARN_OBJC_IMPLICIT_RETAIN_SELF = YES;
				CLANG_WARN_OBJC_LITERAL_CONVERSION = YES;
				CLANG_WARN_OBJC_ROOT_CLASS = YES_ERROR;
				CLANG_WARN_RANGE_LOOP_ANALYSIS = YES;
				CLANG_WARN_STRICT_PROTOTYPES = YES;
				CLANG_WARN_SUSPICIOUS_MOVE = YES;
				CLANG_WARN_UNGUARDED_AVAILABILITY = YES_AGGRESSIVE;
				CLANG_WARN_UNREACHABLE_CODE = YES;
				CLANG_WARN__DUPLICATE_METHOD_MATCH = YES;
				CODE_SIGN_IDENTITY = "iPhone Developer";
				COPY_PHASE_STRIP = NO;
				DEBUG_INFORMATION_FORMAT = "dwarf-with-dsym";
				ENABLE_NS_ASSERTIONS = NO;
				ENABLE_STRICT_OBJC_MSGSEND = YES;
				GCC_C_LANGUAGE_STANDARD = gnu11;
				GCC_NO_COMMON_BLOCKS = YES;
				GCC_WARN_64_TO_32_BIT_CONVERSION = YES;
				GCC_WARN_ABOUT_RETURN_TYPE = YES_ERROR;
				GCC_WARN_UNDECLARED_SELECTOR = YES;
				GCC_WARN_UNINITIALIZED_AUTOS = YES_AGGRESSIVE;
				GCC_WARN_UNUSED_FUNCTION = YES;
				GCC_WARN_UNUSED_VARIABLE = YES;
				IPHONEOS_DEPLOYMENT_TARGET = 11.4;
				MTL_ENABLE_DEBUG_INFO = NO;
				SDKROOT = iphoneos;
				SWIFT_COMPILATION_MODE = wholemodule;
				SWIFT_OPTIMIZATION_LEVEL = "-O";
				VALIDATE_PRODUCT = YES;
			};
			name = Release;
		};
		514B5566235FEEE500A70BDC /* Debug */ = {
			isa = XCBuildConfiguration;
			buildSettings = {
				ASSETCATALOG_COMPILER_APPICON_NAME = AppIcon;
				CODE_SIGN_STYLE = Automatic;
				INFOPLIST_FILE = "20155138_안춘모/Info.plist";
				LD_RUNPATH_SEARCH_PATHS = (
					"$(inherited)",
					"@executable_path/Frameworks",
				);
				PRODUCT_BUNDLE_IDENTIFIER = "net.hallym.-0155138---------";
				PRODUCT_NAME = "$(TARGET_NAME)";
				SWIFT_VERSION = 4.0;
				TARGETED_DEVICE_FAMILY = "1,2";
			};
			name = Debug;
		};
		514B5567235FEEE500A70BDC /* Release */ = {
			isa = XCBuildConfiguration;
			buildSettings = {
				ASSETCATALOG_COMPILER_APPICON_NAME = AppIcon;
				CODE_SIGN_STYLE = Automatic;
				INFOPLIST_FILE = "20155138_안춘모/Info.plist";
				LD_RUNPATH_SEARCH_PATHS = (
					"$(inherited)",
					"@executable_path/Frameworks",
				);
				PRODUCT_BUNDLE_IDENTIFIER = "net.hallym.-0155138---------";
				PRODUCT_NAME = "$(TARGET_NAME)";
				SWIFT_VERSION = 4.0;
				TARGETED_DEVICE_FAMILY = "1,2";
			};
			name = Release;
		};
		514B5569235FEEE500A70BDC /* Debug */ = {
			isa = XCBuildConfiguration;
			buildSettings = {
				ALWAYS_EMBED_SWIFT_STANDARD_LIBRARIES = YES;
				BUNDLE_LOADER = "$(TEST_HOST)";
				CODE_SIGN_STYLE = Automatic;
				INFOPLIST_FILE = "20155138_안춘모Tests/Info.plist";
				LD_RUNPATH_SEARCH_PATHS = (
					"$(inherited)",
					"@executable_path/Frameworks",
					"@loader_path/Frameworks",
				);
				PRODUCT_BUNDLE_IDENTIFIER = "net.hallym.-0155138---------Tests";
				PRODUCT_NAME = "$(TARGET_NAME)";
				SWIFT_VERSION = 4.0;
				TARGETED_DEVICE_FAMILY = "1,2";
				TEST_HOST = "$(BUILT_PRODUCTS_DIR)/20155138_안춘모.app/20155138_안춘모";
			};
			name = Debug;
		};
		514B556A235FEEE500A70BDC /* Release */ = {
			isa = XCBuildConfiguration;
			buildSettings = {
				ALWAYS_EMBED_SWIFT_STANDARD_LIBRARIES = YES;
				BUNDLE_LOADER = "$(TEST_HOST)";
				CODE_SIGN_STYLE = Automatic;
				INFOPLIST_FILE = "20155138_안춘모Tests/Info.plist";
				LD_RUNPATH_SEARCH_PATHS = (
					"$(inherited)",
					"@executable_path/Frameworks",
					"@loader_path/Frameworks",
				);
				PRODUCT_BUNDLE_IDENTIFIER = "net.hallym.-0155138---------Tests";
				PRODUCT_NAME = "$(TARGET_NAME)";
				SWIFT_VERSION = 4.0;
				TARGETED_DEVICE_FAMILY = "1,2";
				TEST_HOST = "$(BUILT_PRODUCTS_DIR)/20155138_안춘모.app/20155138_안춘모";
			};
			name = Release;
		};
		514B556C235FEEE500A70BDC /* Debug */ = {
			isa = XCBuildConfiguration;
			buildSettings = {
				ALWAYS_EMBED_SWIFT_STANDARD_LIBRARIES = YES;
				CODE_SIGN_STYLE = Automatic;
				INFOPLIST_FILE = "20155138_안춘모UITests/Info.plist";
				LD_RUNPATH_SEARCH_PATHS = (
					"$(inherited)",
					"@executable_path/Frameworks",
					"@loader_path/Frameworks",
				);
				PRODUCT_BUNDLE_IDENTIFIER = "net.hallym.-0155138---------UITests";
				PRODUCT_NAME = "$(TARGET_NAME)";
				SWIFT_VERSION = 4.0;
				TARGETED_DEVICE_FAMILY = "1,2";
				TEST_TARGET_NAME = "20155138_안춘모";
			};
			name = Debug;
		};
		514B556D235FEEE500A70BDC /* Release */ = {
			isa = XCBuildConfiguration;
			buildSettings = {
				ALWAYS_EMBED_SWIFT_STANDARD_LIBRARIES = YES;
				CODE_SIGN_STYLE = Automatic;
				INFOPLIST_FILE = "20155138_안춘모UITests/Info.plist";
				LD_RUNPATH_SEARCH_PATHS = (
					"$(inherited)",
					"@executable_path/Frameworks",
					"@loader_path/Frameworks",
				);
				PRODUCT_BUNDLE_IDENTIFIER = "net.hallym.-0155138---------UITests";
				PRODUCT_NAME = "$(TARGET_NAME)";
				SWIFT_VERSION = 4.0;
				TARGETED_DEVICE_FAMILY = "1,2";
				TEST_TARGET_NAME = "20155138_안춘모";
			};
			name = Release;
		};
/* End XCBuildConfiguration section */

/* Begin XCConfigurationList section */
		514B5538235FEEE300A70BDC /* Build configuration list for PBXProject "20155138_안춘모" */ = {
			isa = XCConfigurationList;
			buildConfigurations = (
				514B5563235FEEE500A70BDC /* Debug */,
				514B5564235FEEE500A70BDC /* Release */,
			);
			defaultConfigurationIsVisible = 0;
			defaultConfigurationName = Release;
		};
		514B5565235FEEE500A70BDC /* Build configuration list for PBXNativeTarget "20155138_안춘모" */ = {
			isa = XCConfigurationList;
			buildConfigurations = (
				514B5566235FEEE500A70BDC /* Debug */,
				514B5567235FEEE500A70BDC /* Release */,
			);
			defaultConfigurationIsVisible = 0;
			defaultConfigurationName = Release;
		};
		514B5568235FEEE500A70BDC /* Build configuration list for PBXNativeTarget "20155138_안춘모Tests" */ = {
			isa = XCConfigurationList;
			buildConfigurations = (
				514B5569235FEEE500A70BDC /* Debug */,
				514B556A235FEEE500A70BDC /* Release */,
			);
			defaultConfigurationIsVisible = 0;
			defaultConfigurationName = Release;
		};
		514B556B235FEEE500A70BDC /* Build configuration list for PBXNativeTarget "20155138_안춘모UITests" */ = {
			isa = XCConfigurationList;
			buildConfigurations = (
				514B556C235FEEE500A70BDC /* Debug */,
				514B556D235FEEE500A70BDC /* Release */,
			);
			defaultConfigurationIsVisible = 0;
			defaultConfigurationName = Release;
		};
/* End XCConfigurationList section */
	};
	rootObject = 514B5535235FEEE300A70BDC /* Project object */;
}
